// !$*UTF8*$!
{
	archiveVersion = 1;
	classes = {
	};
	objectVersion = 48;
	objects = {

/* Begin PBXBuildFile section */
		3BB1CE711FA08D6D009790B0 /* UserInfoUnit.swift in Sources */ = {isa = PBXBuildFile; fileRef = 3BB1CE701FA08D6D009790B0 /* UserInfoUnit.swift */; };
		3BB1CE731FA08E93009790B0 /* HomeItemCell.swift in Sources */ = {isa = PBXBuildFile; fileRef = 3BB1CE721FA08E93009790B0 /* HomeItemCell.swift */; };
		3BF87DC01FA06E0A00948D92 /* AppDelegate.swift in Sources */ = {isa = PBXBuildFile; fileRef = 3BF87DBF1FA06E0A00948D92 /* AppDelegate.swift */; };
		3BF87DC51FA06E0A00948D92 /* Main.storyboard in Resources */ = {isa = PBXBuildFile; fileRef = 3BF87DC31FA06E0A00948D92 /* Main.storyboard */; };
		3BF87DC71FA06E0A00948D92 /* Assets.xcassets in Resources */ = {isa = PBXBuildFile; fileRef = 3BF87DC61FA06E0A00948D92 /* Assets.xcassets */; };
		3BF87DCA1FA06E0A00948D92 /* LaunchScreen.storyboard in Resources */ = {isa = PBXBuildFile; fileRef = 3BF87DC81FA06E0A00948D92 /* LaunchScreen.storyboard */; };
		3BF87DD51FA06F8E00948D92 /* APPInfoDefine.swift in Sources */ = {isa = PBXBuildFile; fileRef = 3BF87DD41FA06F8E00948D92 /* APPInfoDefine.swift */; };
		3BF87DD91FA06FA500948D92 /* MainTools.swift in Sources */ = {isa = PBXBuildFile; fileRef = 3BF87DD81FA06FA500948D92 /* MainTools.swift */; };
		3BF87DDD1FA0709A00948D92 /* HomeViewController.swift in Sources */ = {isa = PBXBuildFile; fileRef = 3BF87DDC1FA0709A00948D92 /* HomeViewController.swift */; };
		3BF87DDF1FA073AB00948D92 /* MainNavigationController.swift in Sources */ = {isa = PBXBuildFile; fileRef = 3BF87DDE1FA073AB00948D92 /* MainNavigationController.swift */; };
		D1A17044FF412AE96EB4FBCE /* Pods_AlarNews.framework in Frameworks */ = {isa = PBXBuildFile; fileRef = 8172CA4C713F20D819B5FFD4 /* Pods_AlarNews.framework */; };
/* End PBXBuildFile section */

/* Begin PBXFileReference section */
		3BB1CE701FA08D6D009790B0 /* UserInfoUnit.swift */ = {isa = PBXFileReference; lastKnownFileType = sourcecode.swift; path = UserInfoUnit.swift; sourceTree = "<group>"; };
		3BB1CE721FA08E93009790B0 /* HomeItemCell.swift */ = {isa = PBXFileReference; lastKnownFileType = sourcecode.swift; path = HomeItemCell.swift; sourceTree = "<group>"; };
		3BF87DBC1FA06E0A00948D92 /* AlarNews.app */ = {isa = PBXFileReference; explicitFileType = wrapper.application; includeInIndex = 0; path = AlarNews.app; sourceTree = BUILT_PRODUCTS_DIR; };
		3BF87DBF1FA06E0A00948D92 /* AppDelegate.swift */ = {isa = PBXFileReference; lastKnownFileType = sourcecode.swift; path = AppDelegate.swift; sourceTree = "<group>"; };
		3BF87DC41FA06E0A00948D92 /* Base */ = {isa = PBXFileReference; lastKnownFileType = file.storyboard; name = Base; path = Base.lproj/Main.storyboard; sourceTree = "<group>"; };
		3BF87DC61FA06E0A00948D92 /* Assets.xcassets */ = {isa = PBXFileReference; lastKnownFileType = folder.assetcatalog; path = Assets.xcassets; sourceTree = "<group>"; };
		3BF87DC91FA06E0A00948D92 /* Base */ = {isa = PBXFileReference; lastKnownFileType = file.storyboard; name = Base; path = Base.lproj/LaunchScreen.storyboard; sourceTree = "<group>"; };
		3BF87DCB1FA06E0A00948D92 /* Info.plist */ = {isa = PBXFileReference; lastKnownFileType = text.plist.xml; path = Info.plist; sourceTree = "<group>"; };
		3BF87DD41FA06F8E00948D92 /* APPInfoDefine.swift */ = {isa = PBXFileReference; lastKnownFileType = sourcecode.swift; path = APPInfoDefine.swift; sourceTree = "<group>"; };
		3BF87DD81FA06FA500948D92 /* MainTools.swift */ = {isa = PBXFileReference; lastKnownFileType = sourcecode.swift; path = MainTools.swift; sourceTree = "<group>"; };
		3BF87DDC1FA0709A00948D92 /* HomeViewController.swift */ = {isa = PBXFileReference; lastKnownFileType = sourcecode.swift; path = HomeViewController.swift; sourceTree = "<group>"; };
		3BF87DDE1FA073AB00948D92 /* MainNavigationController.swift */ = {isa = PBXFileReference; lastKnownFileType = sourcecode.swift; path = MainNavigationController.swift; sourceTree = "<group>"; };
		8172CA4C713F20D819B5FFD4 /* Pods_AlarNews.framework */ = {isa = PBXFileReference; explicitFileType = wrapper.framework; includeInIndex = 0; path = Pods_AlarNews.framework; sourceTree = BUILT_PRODUCTS_DIR; };
		A0BEE478FBCCCD78AF138797 /* Pods-AlarNews.debug.xcconfig */ = {isa = PBXFileReference; includeInIndex = 1; lastKnownFileType = text.xcconfig; name = "Pods-AlarNews.debug.xcconfig"; path = "Pods/Target Support Files/Pods-AlarNews/Pods-AlarNews.debug.xcconfig"; sourceTree = "<group>"; };
		AC8BA970999C1544AB24058E /* Pods-AlarNews.release.xcconfig */ = {isa = PBXFileReference; includeInIndex = 1; lastKnownFileType = text.xcconfig; name = "Pods-AlarNews.release.xcconfig"; path = "Pods/Target Support Files/Pods-AlarNews/Pods-AlarNews.release.xcconfig"; sourceTree = "<group>"; };
/* End PBXFileReference section */

/* Begin PBXFrameworksBuildPhase section */
		3BF87DB91FA06E0A00948D92 /* Frameworks */ = {
			isa = PBXFrameworksBuildPhase;
			buildActionMask = 2147483647;
			files = (
				D1A17044FF412AE96EB4FBCE /* Pods_AlarNews.framework in Frameworks */,
			);
			runOnlyForDeploymentPostprocessing = 0;
		};
/* End PBXFrameworksBuildPhase section */

/* Begin PBXGroup section */
		3BF87DB31FA06E0A00948D92 = {
			isa = PBXGroup;
			children = (
				3BF87DBE1FA06E0A00948D92 /* AlarNews */,
				3BF87DBD1FA06E0A00948D92 /* Products */,
				9ABE9A7BE6009DF40381DF06 /* Pods */,
				430DEB31FD0E0FC5FF0B4CDA /* Frameworks */,
			);
			sourceTree = "<group>";
		};
		3BF87DBD1FA06E0A00948D92 /* Products */ = {
			isa = PBXGroup;
			children = (
				3BF87DBC1FA06E0A00948D92 /* AlarNews.app */,
			);
			name = Products;
			sourceTree = "<group>";
		};
		3BF87DBE1FA06E0A00948D92 /* AlarNews */ = {
			isa = PBXGroup;
			children = (
				3BF87DBF1FA06E0A00948D92 /* AppDelegate.swift */,
				3BF87DD31FA06F7B00948D92 /* Define */,
				3BF87DD21FA06F7300948D92 /* Class */,
				3BF87DD11FA06F6C00948D92 /* Tools */,
				3BF87DC31FA06E0A00948D92 /* Main.storyboard */,
				3BF87DC61FA06E0A00948D92 /* Assets.xcassets */,
				3BF87DC81FA06E0A00948D92 /* LaunchScreen.storyboard */,
				3BF87DCB1FA06E0A00948D92 /* Info.plist */,
			);
			path = AlarNews;
			sourceTree = "<group>";
		};
		3BF87DD11FA06F6C00948D92 /* Tools */ = {
			isa = PBXGroup;
			children = (
				3BB1CE701FA08D6D009790B0 /* UserInfoUnit.swift */,
				3BF87DD81FA06FA500948D92 /* MainTools.swift */,
			);
			path = Tools;
			sourceTree = "<group>";
		};
		3BF87DD21FA06F7300948D92 /* Class */ = {
			isa = PBXGroup;
			children = (
				3BF87DDC1FA0709A00948D92 /* HomeViewController.swift */,
				3BF87DDE1FA073AB00948D92 /* MainNavigationController.swift */,
				3BB1CE721FA08E93009790B0 /* HomeItemCell.swift */,
			);
			path = Class;
			sourceTree = "<group>";
		};
		3BF87DD31FA06F7B00948D92 /* Define */ = {
			isa = PBXGroup;
			children = (
				3BF87DD41FA06F8E00948D92 /* APPInfoDefine.swift */,
			);
			path = Define;
			sourceTree = "<group>";
		};
		430DEB31FD0E0FC5FF0B4CDA /* Frameworks */ = {
			isa = PBXGroup;
			children = (
				8172CA4C713F20D819B5FFD4 /* Pods_AlarNews.framework */,
			);
			name = Frameworks;
			sourceTree = "<group>";
		};
		9ABE9A7BE6009DF40381DF06 /* Pods */ = {
			isa = PBXGroup;
			children = (
				A0BEE478FBCCCD78AF138797 /* Pods-AlarNews.debug.xcconfig */,
				AC8BA970999C1544AB24058E /* Pods-AlarNews.release.xcconfig */,
			);
			name = Pods;
			sourceTree = "<group>";
		};
/* End PBXGroup section */

/* Begin PBXNativeTarget section */
		3BF87DBB1FA06E0A00948D92 /* AlarNews */ = {
			isa = PBXNativeTarget;
			buildConfigurationList = 3BF87DCE1FA06E0A00948D92 /* Build configuration list for PBXNativeTarget "AlarNews" */;
			buildPhases = (
				923746CD0C466191AF78FDC5 /* [CP] Check Pods Manifest.lock */,
				3BF87DB81FA06E0A00948D92 /* Sources */,
				3BF87DB91FA06E0A00948D92 /* Frameworks */,
				3BF87DBA1FA06E0A00948D92 /* Resources */,
				A840141CF80057E24A041584 /* [CP] Embed Pods Frameworks */,
				F38C6F3D07501D93F7BE5BBF /* [CP] Copy Pods Resources */,
			);
			buildRules = (
			);
			dependencies = (
			);
			name = AlarNews;
			productName = AlarNews;
			productReference = 3BF87DBC1FA06E0A00948D92 /* AlarNews.app */;
			productType = "com.apple.product-type.application";
		};
/* End PBXNativeTarget section */

/* Begin PBXProject section */
		3BF87DB41FA06E0A00948D92 /* Project object */ = {
			isa = PBXProject;
			attributes = {
				LastSwiftUpdateCheck = 0900;
				LastUpgradeCheck = 0900;
				ORGANIZATIONNAME = Brain;
				TargetAttributes = {
					3BF87DBB1FA06E0A00948D92 = {
						CreatedOnToolsVersion = 9.0;
						ProvisioningStyle = Automatic;
					};
				};
			};
			buildConfigurationList = 3BF87DB71FA06E0A00948D92 /* Build configuration list for PBXProject "AlarNews" */;
			compatibilityVersion = "Xcode 8.0";
			developmentRegion = en;
			hasScannedForEncodings = 0;
			knownRegions = (
				en,
				Base,
			);
			mainGroup = 3BF87DB31FA06E0A00948D92;
			productRefGroup = 3BF87DBD1FA06E0A00948D92 /* Products */;
			projectDirPath = "";
			projectRoot = "";
			targets = (
				3BF87DBB1FA06E0A00948D92 /* AlarNews */,
			);
		};
/* End PBXProject section */

/* Begin PBXResourcesBuildPhase section */
		3BF87DBA1FA06E0A00948D92 /* Resources */ = {
			isa = PBXResourcesBuildPhase;
			buildActionMask = 2147483647;
			files = (
				3BF87DCA1FA06E0A00948D92 /* LaunchScreen.storyboard in Resources */,
				3BF87DC71FA06E0A00948D92 /* Assets.xcassets in Resources */,
				3BF87DC51FA06E0A00948D92 /* Main.storyboard in Resources */,
			);
			runOnlyForDeploymentPostprocessing = 0;
		};
/* End PBXResourcesBuildPhase section */

/* Begin PBXShellScriptBuildPhase section */
		923746CD0C466191AF78FDC5 /* [CP] Check Pods Manifest.lock */ = {
			isa = PBXShellScriptBuildPhase;
			buildActionMask = 2147483647;
			files = (
			);
			inputPaths = (
			);
			name = "[CP] Check Pods Manifest.lock";
			outputPaths = (
			);
			runOnlyForDeploymentPostprocessing = 0;
			shellPath = /bin/sh;
			shellScript = "diff \"${PODS_ROOT}/../Podfile.lock\" \"${PODS_ROOT}/Manifest.lock\" > /dev/null\nif [ $? != 0 ] ; then\n    # print error to STDERR\n    echo \"error: The sandbox is not in sync with the Podfile.lock. Run 'pod install' or update your CocoaPods installation.\" >&2\n    exit 1\nfi\n";
			showEnvVarsInLog = 0;
		};
		A840141CF80057E24A041584 /* [CP] Embed Pods Frameworks */ = {
			isa = PBXShellScriptBuildPhase;
			buildActionMask = 2147483647;
			files = (
			);
			inputPaths = (
			);
			name = "[CP] Embed Pods Frameworks";
			outputPaths = (
			);
			runOnlyForDeploymentPostprocessing = 0;
			shellPath = /bin/sh;
			shellScript = "\"${SRCROOT}/Pods/Target Support Files/Pods-AlarNews/Pods-AlarNews-frameworks.sh\"\n";
			showEnvVarsInLog = 0;
		};
		F38C6F3D07501D93F7BE5BBF /* [CP] Copy Pods Resources */ = {
			isa = PBXShellScriptBuildPhase;
			buildActionMask = 2147483647;
			files = (
			);
			inputPaths = (
			);
			name = "[CP] Copy Pods Resources";
			outputPaths = (
			);
			runOnlyForDeploymentPostprocessing = 0;
			shellPath = /bin/sh;
			shellScript = "\"${SRCROOT}/Pods/Target Support Files/Pods-AlarNews/Pods-AlarNews-resources.sh\"\n";
			showEnvVarsInLog = 0;
		};
/* End PBXShellScriptBuildPhase section */

/* Begin PBXSourcesBuildPhase section */
		3BF87DB81FA06E0A00948D92 /* Sources */ = {
			isa = PBXSourcesBuildPhase;
			buildActionMask = 2147483647;
			files = (
				3BB1CE711FA08D6D009790B0 /* UserInfoUnit.swift in Sources */,
				3BF87DDF1FA073AB00948D92 /* MainNavigationController.swift in Sources */,
				3BF87DD51FA06F8E00948D92 /* APPInfoDefine.swift in Sources */,
				3BF87DD91FA06FA500948D92 /* MainTools.swift in Sources */,
				3BB1CE731FA08E93009790B0 /* HomeItemCell.swift in Sources */,
				3BF87DC01FA06E0A00948D92 /* AppDelegate.swift in Sources */,
				3BF87DDD1FA0709A00948D92 /* HomeViewController.swift in Sources */,
			);
			runOnlyForDeploymentPostprocessing = 0;
		};
/* End PBXSourcesBuildPhase section */

/* Begin PBXVariantGroup section */
		3BF87DC31FA06E0A00948D92 /* Main.storyboard */ = {
			isa = PBXVariantGroup;
			children = (
				3BF87DC41FA06E0A00948D92 /* Base */,
			);
			name = Main.storyboard;
			sourceTree = "<group>";
		};
		3BF87DC81FA06E0A00948D92 /* LaunchScreen.storyboard */ = {
			isa = PBXVariantGroup;
			children = (
				3BF87DC91FA06E0A00948D92 /* Base */,
			);
			name = LaunchScreen.storyboard;
			sourceTree = "<group>";
		};
/* End PBXVariantGroup section */

/* Begin XCBuildConfiguration section */
		3BF87DCC1FA06E0A00948D92 /* Debug */ = {
			isa = XCBuildConfiguration;
			buildSettings = {
				ALWAYS_SEARCH_USER_PATHS = NO;
				CLANG_ANALYZER_NONNULL = YES;
				CLANG_ANALYZER_NUMBER_OBJECT_CONVERSION = YES_AGGRESSIVE;
				CLANG_CXX_LANGUAGE_STANDARD = "gnu++14";
				CLANG_CXX_LIBRARY = "libc++";
				CLANG_ENABLE_MODULES = YES;
				CLANG_ENABLE_OBJC_ARC = YES;
				CLANG_WARN_BLOCK_CAPTURE_AUTORELEASING = YES;
				CLANG_WARN_BOOL_CONVERSION = YES;
				CLANG_WARN_COMMA = YES;
				CLANG_WARN_CONSTANT_CONVERSION = YES;
				CLANG_WARN_DIRECT_OBJC_ISA_USAGE = YES_ERROR;
				CLANG_WARN_DOCUMENTATION_COMMENTS = YES;
				CLANG_WARN_EMPTY_BODY = YES;
				CLANG_WARN_ENUM_CONVERSION = YES;
				CLANG_WARN_INFINITE_RECURSION = YES;
				CLANG_WARN_INT_CONVERSION = YES;
				CLANG_WARN_NON_LITERAL_NULL_CONVERSION = YES;
				CLANG_WARN_OBJC_LITERAL_CONVERSION = YES;
				CLANG_WARN_OBJC_ROOT_CLASS = YES_ERROR;
				CLANG_WARN_RANGE_LOOP_ANALYSIS = YES;
				CLANG_WARN_STRICT_PROTOTYPES = YES;
				CLANG_WARN_SUSPICIOUS_MOVE = YES;
				CLANG_WARN_UNGUARDED_AVAILABILITY = YES_AGGRESSIVE;
				CLANG_WARN_UNREACHABLE_CODE = YES;
				CLANG_WARN__DUPLICATE_METHOD_MATCH = YES;
				CODE_SIGN_IDENTITY = "iPhone Developer";
				COPY_PHASE_STRIP = NO;
				DEBUG_INFORMATION_FORMAT = dwarf;
				ENABLE_STRICT_OBJC_MSGSEND = YES;
				ENABLE_TESTABILITY = YES;
				GCC_C_LANGUAGE_STANDARD = gnu11;
				GCC_DYNAMIC_NO_PIC = NO;
				GCC_NO_COMMON_BLOCKS = YES;
				GCC_OPTIMIZATION_LEVEL = 0;
				GCC_PREPROCESSOR_DEFINITIONS = (
					"DEBUG=1",
					"$(inherited)",
				);
				GCC_WARN_64_TO_32_BIT_CONVERSION = YES;
				GCC_WARN_ABOUT_RETURN_TYPE = YES_ERROR;
				GCC_WARN_UNDECLARED_SELECTOR = YES;
				GCC_WARN_UNINITIALIZED_AUTOS = YES_AGGRESSIVE;
				GCC_WARN_UNUSED_FUNCTION = YES;
				GCC_WARN_UNUSED_VARIABLE = YES;
				IPHONEOS_DEPLOYMENT_TARGET = 11.0;
				MTL_ENABLE_DEBUG_INFO = YES;
				ONLY_ACTIVE_ARCH = YES;
				SDKROOT = iphoneos;
				SWIFT_ACTIVE_COMPILATION_CONDITIONS = DEBUG;
				SWIFT_OPTIMIZATION_LEVEL = "-Onone";
			};
			name = Debug;
		};
		3BF87DCD1FA06E0A00948D92 /* Release */ = {
			isa = XCBuildConfiguration;
			buildSettings = {
				ALWAYS_SEARCH_USER_PATHS = NO;
				CLANG_ANALYZER_NONNULL = YES;
				CLANG_ANALYZER_NUMBER_OBJECT_CONVERSION = YES_AGGRESSIVE;
				CLANG_CXX_LANGUAGE_STANDARD = "gnu++14";
				CLANG_CXX_LIBRARY = "libc++";
				CLANG_ENABLE_MODULES = YES;
				CLANG_ENABLE_OBJC_ARC = YES;
				CLANG_WARN_BLOCK_CAPTURE_AUTORELEASING = YES;
				CLANG_WARN_BOOL_CONVERSION = YES;
				CLANG_WARN_COMMA = YES;
				CLANG_WARN_CONSTANT_CONVERSION = YES;
				CLANG_WARN_DIRECT_OBJC_ISA_USAGE = YES_ERROR;
				CLANG_WARN_DOCUMENTATION_COMMENTS = YES;
				CLANG_WARN_EMPTY_BODY = YES;
				CLANG_WARN_ENUM_CONVERSION = YES;
				CLANG_WARN_INFINITE_RECURSION = YES;
				CLANG_WARN_INT_CONVERSION = YES;
				CLANG_WARN_NON_LITERAL_NULL_CONVERSION = YES;
				CLANG_WARN_OBJC_LITERAL_CONVERSION = YES;
				CLANG_WARN_OBJC_ROOT_CLASS = YES_ERROR;
				CLANG_WARN_RANGE_LOOP_ANALYSIS = YES;
				CLANG_WARN_STRICT_PROTOTYPES = YES;
				CLANG_WARN_SUSPICIOUS_MOVE = YES;
				CLANG_WARN_UNGUARDED_AVAILABILITY = YES_AGGRESSIVE;
				CLANG_WARN_UNREACHABLE_CODE = YES;
				CLANG_WARN__DUPLICATE_METHOD_MATCH = YES;
				CODE_SIGN_IDENTITY = "iPhone Developer";
				COPY_PHASE_STRIP = NO;
				DEBUG_INFORMATION_FORMAT = "dwarf-with-dsym";
				ENABLE_NS_ASSERTIONS = NO;
				ENABLE_STRICT_OBJC_MSGSEND = YES;
				GCC_C_LANGUAGE_STANDARD = gnu11;
				GCC_NO_COMMON_BLOCKS = YES;
				GCC_WARN_64_TO_32_BIT_CONVERSION = YES;
				GCC_WARN_ABOUT_RETURN_TYPE = YES_ERROR;
				GCC_WARN_UNDECLARED_SELECTOR = YES;
				GCC_WARN_UNINITIALIZED_AUTOS = YES_AGGRESSIVE;
				GCC_WARN_UNUSED_FUNCTION = YES;
				GCC_WARN_UNUSED_VARIABLE = YES;
				IPHONEOS_DEPLOYMENT_TARGET = 11.0;
				MTL_ENABLE_DEBUG_INFO = NO;
				SDKROOT = iphoneos;
				SWIFT_OPTIMIZATION_LEVEL = "-Owholemodule";
				VALIDATE_PRODUCT = YES;
			};
			name = Release;
		};
		3BF87DCF1FA06E0A00948D92 /* Debug */ = {
			isa = XCBuildConfiguration;
			baseConfigurationReference = A0BEE478FBCCCD78AF138797 /* Pods-AlarNews.debug.xcconfig */;
			buildSettings = {
				ASSETCATALOG_COMPILER_APPICON_NAME = AppIcon;
				CODE_SIGN_STYLE = Automatic;
				DEVELOPMENT_TEAM = 3BB36MF7NL;
				INFOPLIST_FILE = AlarNews/Info.plist;
				LD_RUNPATH_SEARCH_PATHS = "$(inherited) @executable_path/Frameworks";
				PRODUCT_BUNDLE_IDENTIFIER = com.klayThompson.AlarNews;
				PRODUCT_NAME = "$(TARGET_NAME)";
				SWIFT_VERSION = 4.0;
				TARGETED_DEVICE_FAMILY = "1,2";
			};
			name = Debug;
		};
		3BF87DD01FA06E0A00948D92 /* Release */ = {
			isa = XCBuildConfiguration;
			baseConfigurationReference = AC8BA970999C1544AB24058E /* Pods-AlarNews.release.xcconfig */;
			buildSettings = {
				ASSETCATALOG_COMPILER_APPICON_NAME = AppIcon;
				CODE_SIGN_STYLE = Automatic;
				DEVELOPMENT_TEAM = 3BB36MF7NL;
				INFOPLIST_FILE = AlarNews/Info.plist;
				LD_RUNPATH_SEARCH_PATHS = "$(inherited) @executable_path/Frameworks";
				PRODUCT_BUNDLE_IDENTIFIER = com.klayThompson.AlarNews;
				PRODUCT_NAME = "$(TARGET_NAME)";
				SWIFT_VERSION = 4.0;
				TARGETED_DEVICE_FAMILY = "1,2";
			};
			name = Release;
		};
/* End XCBuildConfiguration section */

/* Begin XCConfigurationList section */
		3BF87DB71FA06E0A00948D92 /* Build configuration list for PBXProject "AlarNews" */ = {
			isa = XCConfigurationList;
			buildConfigurations = (
				3BF87DCC1FA06E0A00948D92 /* Debug */,
				3BF87DCD1FA06E0A00948D92 /* Release */,
			);
			defaultConfigurationIsVisible = 0;
			defaultConfigurationName = Release;
		};
		3BF87DCE1FA06E0A00948D92 /* Build configuration list for PBXNativeTarget "AlarNews" */ = {
			isa = XCConfigurationList;
			buildConfigurations = (
				3BF87DCF1FA06E0A00948D92 /* Debug */,
				3BF87DD01FA06E0A00948D92 /* Release */,
			);
			defaultConfigurationIsVisible = 0;
			defaultConfigurationName = Release;
		};
/* End XCConfigurationList section */
	};
	rootObject = 3BF87DB41FA06E0A00948D92 /* Project object */;
}
